
Microsoft Visual Studio Solution File, Format Version 12.00
# Visual Studio 2013
VisualStudioVersion = 12.0.31101.0
MinimumVisualStudioVersion = 10.0.40219.1
Project("{2150E333-8FDC-42A3-9474-1A3956D46DE8}") = "CSharp 1", "CSharp 1", "{04A85E4E-0B3D-4DF4-8BFB-CCCB5106A795}"
EndProject
Project("{2150E333-8FDC-42A3-9474-1A3956D46DE8}") = "CSharp 2", "CSharp 2", "{65F15770-A3B9-4767-8C9D-15591C68E8EC}"
EndProject
Project("{2150E333-8FDC-42A3-9474-1A3956D46DE8}") = "CSharp 3", "CSharp 3", "{0F72B77B-6F18-4E7F-B17D-8C6C8A62F169}"
EndProject
Project("{2150E333-8FDC-42A3-9474-1A3956D46DE8}") = "CSharp 4", "CSharp 4", "{6E785EF6-77E0-4121-827C-D39F49FB7494}"
EndProject
Project("{2150E333-8FDC-42A3-9474-1A3956D46DE8}") = "CSharp 5", "CSharp 5", "{5D2A4A18-6090-4914-9200-A8A56C5B8F3C}"
EndProject
Project("{FAE04EC0-301F-11D3-BF4B-00C04F79EFBC}") = "AsyncConsole", "AsyncConsole\AsyncConsole.csproj", "{650502D4-6282-4F5C-85BA-4737AE9B3E64}"
EndProject
Project("{FAE04EC0-301F-11D3-BF4B-00C04F79EFBC}") = "CallerInformation", "CallerInformation\CallerInformation.csproj", "{CD9C56DB-141B-44F4-9CE9-27196A476259}"
EndProject
Project("{FAE04EC0-301F-11D3-BF4B-00C04F79EFBC}") = "IteratorExample", "IteratorExample\IteratorExample.csproj", "{17CF658D-EEFF-4C48-BF7C-811EE76AB9EE}"
EndProject
Project("{FAE04EC0-301F-11D3-BF4B-00C04F79EFBC}") = "AsyncExample", "AsyncExample\AsyncExample.csproj", "{F892FA68-0D62-4865-AFAD-4E94CC25ABD5}"
EndProject
Project("{FAE04EC0-301F-11D3-BF4B-00C04F79EFBC}") = "Counter1", "Counter1\Counter1.csproj", "{CD8B26B7-D0F8-40AE-9DE0-03FFB68E17C1}"
EndProject
Project("{FAE04EC0-301F-11D3-BF4B-00C04F79EFBC}") = "Counter2", "Counter2\Counter2.csproj", "{C76F426C-3814-4B8E-B5C4-38D550562E71}"
EndProject
Project("{FAE04EC0-301F-11D3-BF4B-00C04F79EFBC}") = "Counter3", "Counter3\Counter3.csproj", "{A968E22F-C649-4B74-9E15-ACACD6004320}"
EndProject
Project("{FAE04EC0-301F-11D3-BF4B-00C04F79EFBC}") = "ExtensionMethods", "ExtensionMethods\ExtensionMethods.csproj", "{F3B0112E-80C2-424A-A9B3-554A58630170}"
EndProject
Project("{FAE04EC0-301F-11D3-BF4B-00C04F79EFBC}") = "ExpressionTrees", "ExpressionTrees\ExpressionTrees.csproj", "{7526A8F3-5AE4-472D-889C-B86AB5713333}"
EndProject
Project("{FAE04EC0-301F-11D3-BF4B-00C04F79EFBC}") = "LinqExample", "LinqExample\LinqExample.csproj", "{2EBD6BAF-4E26-4835-A889-9A7501C61058}"
EndProject
Project("{FAE04EC0-301F-11D3-BF4B-00C04F79EFBC}") = "DynamicExample", "DynamicExample\DynamicExample.csproj", "{A44DC886-57F5-49A3-9CEF-27547C816257}"
EndProject
Project("{FAE04EC0-301F-11D3-BF4B-00C04F79EFBC}") = "NamedAndOptionalArguments", "NamedAndOptionalArguments\NamedAndOptionalArguments.csproj", "{EBA341A4-84AE-44E1-99D7-92A43124198E}"
EndProject
Global
	GlobalSection(SolutionConfigurationPlatforms) = preSolution
		Debug|Any CPU = Debug|Any CPU
		Release|Any CPU = Release|Any CPU
	EndGlobalSection
	GlobalSection(ProjectConfigurationPlatforms) = postSolution
		{650502D4-6282-4F5C-85BA-4737AE9B3E64}.Debug|Any CPU.ActiveCfg = Debug|Any CPU
		{650502D4-6282-4F5C-85BA-4737AE9B3E64}.Debug|Any CPU.Build.0 = Debug|Any CPU
		{650502D4-6282-4F5C-85BA-4737AE9B3E64}.Release|Any CPU.ActiveCfg = Release|Any CPU
		{650502D4-6282-4F5C-85BA-4737AE9B3E64}.Release|Any CPU.Build.0 = Release|Any CPU
		{CD9C56DB-141B-44F4-9CE9-27196A476259}.Debug|Any CPU.ActiveCfg = Debug|Any CPU
		{CD9C56DB-141B-44F4-9CE9-27196A476259}.Debug|Any CPU.Build.0 = Debug|Any CPU
		{CD9C56DB-141B-44F4-9CE9-27196A476259}.Release|Any CPU.ActiveCfg = Release|Any CPU
		{CD9C56DB-141B-44F4-9CE9-27196A476259}.Release|Any CPU.Build.0 = Release|Any CPU
		{17CF658D-EEFF-4C48-BF7C-811EE76AB9EE}.Debug|Any CPU.ActiveCfg = Debug|Any CPU
		{17CF658D-EEFF-4C48-BF7C-811EE76AB9EE}.Debug|Any CPU.Build.0 = Debug|Any CPU
		{17CF658D-EEFF-4C48-BF7C-811EE76AB9EE}.Release|Any CPU.ActiveCfg = Release|Any CPU
		{17CF658D-EEFF-4C48-BF7C-811EE76AB9EE}.Release|Any CPU.Build.0 = Release|Any CPU
		{F892FA68-0D62-4865-AFAD-4E94CC25ABD5}.Debug|Any CPU.ActiveCfg = Debug|Any CPU
		{F892FA68-0D62-4865-AFAD-4E94CC25ABD5}.Debug|Any CPU.Build.0 = Debug|Any CPU
		{F892FA68-0D62-4865-AFAD-4E94CC25ABD5}.Release|Any CPU.ActiveCfg = Release|Any CPU
		{F892FA68-0D62-4865-AFAD-4E94CC25ABD5}.Release|Any CPU.Build.0 = Release|Any CPU
		{CD8B26B7-D0F8-40AE-9DE0-03FFB68E17C1}.Debug|Any CPU.ActiveCfg = Debug|Any CPU
		{CD8B26B7-D0F8-40AE-9DE0-03FFB68E17C1}.Debug|Any CPU.Build.0 = Debug|Any CPU
		{CD8B26B7-D0F8-40AE-9DE0-03FFB68E17C1}.Release|Any CPU.ActiveCfg = Release|Any CPU
		{CD8B26B7-D0F8-40AE-9DE0-03FFB68E17C1}.Release|Any CPU.Build.0 = Release|Any CPU
		{C76F426C-3814-4B8E-B5C4-38D550562E71}.Debug|Any CPU.ActiveCfg = Debug|Any CPU
		{C76F426C-3814-4B8E-B5C4-38D550562E71}.Debug|Any CPU.Build.0 = Debug|Any CPU
		{C76F426C-3814-4B8E-B5C4-38D550562E71}.Release|Any CPU.ActiveCfg = Release|Any CPU
		{C76F426C-3814-4B8E-B5C4-38D550562E71}.Release|Any CPU.Build.0 = Release|Any CPU
		{A968E22F-C649-4B74-9E15-ACACD6004320}.Debug|Any CPU.ActiveCfg = Debug|Any CPU
		{A968E22F-C649-4B74-9E15-ACACD6004320}.Debug|Any CPU.Build.0 = Debug|Any CPU
		{A968E22F-C649-4B74-9E15-ACACD6004320}.Release|Any CPU.ActiveCfg = Release|Any CPU
		{A968E22F-C649-4B74-9E15-ACACD6004320}.Release|Any CPU.Build.0 = Release|Any CPU
		{F3B0112E-80C2-424A-A9B3-554A58630170}.Debug|Any CPU.ActiveCfg = Debug|Any CPU
		{F3B0112E-80C2-424A-A9B3-554A58630170}.Debug|Any CPU.Build.0 = Debug|Any CPU
		{F3B0112E-80C2-424A-A9B3-554A58630170}.Release|Any CPU.ActiveCfg = Release|Any CPU
		{F3B0112E-80C2-424A-A9B3-554A58630170}.Release|Any CPU.Build.0 = Release|Any CPU
		{7526A8F3-5AE4-472D-889C-B86AB5713333}.Debug|Any CPU.ActiveCfg = Debug|Any CPU
		{7526A8F3-5AE4-472D-889C-B86AB5713333}.Debug|Any CPU.Build.0 = Debug|Any CPU
		{7526A8F3-5AE4-472D-889C-B86AB5713333}.Release|Any CPU.ActiveCfg = Release|Any CPU
		{7526A8F3-5AE4-472D-889C-B86AB5713333}.Release|Any CPU.Build.0 = Release|Any CPU
		{2EBD6BAF-4E26-4835-A889-9A7501C61058}.Debug|Any CPU.ActiveCfg = Debug|Any CPU
		{2EBD6BAF-4E26-4835-A889-9A7501C61058}.Debug|Any CPU.Build.0 = Debug|Any CPU
		{2EBD6BAF-4E26-4835-A889-9A7501C61058}.Release|Any CPU.ActiveCfg = Release|Any CPU
		{2EBD6BAF-4E26-4835-A889-9A7501C61058}.Release|Any CPU.Build.0 = Release|Any CPU
		{A44DC886-57F5-49A3-9CEF-27547C816257}.Debug|Any CPU.ActiveCfg = Debug|Any CPU
		{A44DC886-57F5-49A3-9CEF-27547C816257}.Debug|Any CPU.Build.0 = Debug|Any CPU
		{A44DC886-57F5-49A3-9CEF-27547C816257}.Release|Any CPU.ActiveCfg = Release|Any CPU
		{A44DC886-57F5-49A3-9CEF-27547C816257}.Release|Any CPU.Build.0 = Release|Any CPU
		{EBA341A4-84AE-44E1-99D7-92A43124198E}.Debug|Any CPU.ActiveCfg = Debug|Any CPU
		{EBA341A4-84AE-44E1-99D7-92A43124198E}.Debug|Any CPU.Build.0 = Debug|Any CPU
		{EBA341A4-84AE-44E1-99D7-92A43124198E}.Release|Any CPU.ActiveCfg = Release|Any CPU
		{EBA341A4-84AE-44E1-99D7-92A43124198E}.Release|Any CPU.Build.0 = Release|Any CPU
	EndGlobalSection
	GlobalSection(SolutionProperties) = preSolution
		HideSolutionNode = FALSE
	EndGlobalSection
	GlobalSection(NestedProjects) = preSolution
		{650502D4-6282-4F5C-85BA-4737AE9B3E64} = {5D2A4A18-6090-4914-9200-A8A56C5B8F3C}
		{CD9C56DB-141B-44F4-9CE9-27196A476259} = {5D2A4A18-6090-4914-9200-A8A56C5B8F3C}
		{17CF658D-EEFF-4C48-BF7C-811EE76AB9EE} = {65F15770-A3B9-4767-8C9D-15591C68E8EC}
		{F892FA68-0D62-4865-AFAD-4E94CC25ABD5} = {5D2A4A18-6090-4914-9200-A8A56C5B8F3C}
		{CD8B26B7-D0F8-40AE-9DE0-03FFB68E17C1} = {04A85E4E-0B3D-4DF4-8BFB-CCCB5106A795}
		{C76F426C-3814-4B8E-B5C4-38D550562E71} = {65F15770-A3B9-4767-8C9D-15591C68E8EC}
		{A968E22F-C649-4B74-9E15-ACACD6004320} = {0F72B77B-6F18-4E7F-B17D-8C6C8A62F169}
		{F3B0112E-80C2-424A-A9B3-554A58630170} = {0F72B77B-6F18-4E7F-B17D-8C6C8A62F169}
		{7526A8F3-5AE4-472D-889C-B86AB5713333} = {0F72B77B-6F18-4E7F-B17D-8C6C8A62F169}
		{2EBD6BAF-4E26-4835-A889-9A7501C61058} = {0F72B77B-6F18-4E7F-B17D-8C6C8A62F169}
		{A44DC886-57F5-49A3-9CEF-27547C816257} = {6E785EF6-77E0-4121-827C-D39F49FB7494}
		{EBA341A4-84AE-44E1-99D7-92A43124198E} = {6E785EF6-77E0-4121-827C-D39F49FB7494}
	EndGlobalSection
EndGlobal
